
Microsoft Visual Studio Solution File, Format Version 12.00
# Visual Studio Version 17
VisualStudioVersion = 17.12.35527.113 d17.12
MinimumVisualStudioVersion = 10.0.40219.1
Project("{FAE04EC0-301F-11D3-BF4B-00C04F79EFBC}") = "MinhasFinancas.Mobile", "MinhasFinancas.Mobile\MinhasFinancas.Mobile\MinhasFinancas.Mobile.csproj", "{AB2A0AB3-8B65-416B-8244-B8FE33C10425}"
EndProject
Project("{FAE04EC0-301F-11D3-BF4B-00C04F79EFBC}") = "MinhasFinancas.Mobile.Droid", "MinhasFinancas.Mobile\MinhasFinancas.Mobile.Droid\MinhasFinancas.Mobile.Droid.csproj", "{F86738AB-22BA-44AC-982F-2ABADDC63BB2}"
EndProject
Project("{FAE04EC0-301F-11D3-BF4B-00C04F79EFBC}") = "MinhasFinancas.Mobile.iOS", "MinhasFinancas.Mobile\MinhasFinancas.Mobile.iOS\MinhasFinancas.Mobile.iOS.csproj", "{5D0ED494-2026-4B06-AEE1-A352C88C059E}"
EndProject
Project("{FAE04EC0-301F-11D3-BF4B-00C04F79EFBC}") = "MinhasFinancas.Mobile.Mac", "MinhasFinancas.Mobile\MinhasFinancas.Mobile.Mac\MinhasFinancas.Mobile.Mac.csproj", "{4AB598B7-73E5-44D7-9833-C072245285FA}"
EndProject
Project("{FAE04EC0-301F-11D3-BF4B-00C04F79EFBC}") = "MinhasFinancas.Mobile.WinUI", "MinhasFinancas.Mobile\MinhasFinancas.Mobile.WinUI\MinhasFinancas.Mobile.WinUI.csproj", "{AB3BFEE8-7CE6-4DDF-80D5-9C4FF091B7EC}"
EndProject
Global
	GlobalSection(SolutionConfigurationPlatforms) = preSolution
		Debug|Any CPU = Debug|Any CPU
		Release|Any CPU = Release|Any CPU
	EndGlobalSection
	GlobalSection(ProjectConfigurationPlatforms) = postSolution
		{AB2A0AB3-8B65-416B-8244-B8FE33C10425}.Debug|Any CPU.ActiveCfg = Debug|Any CPU
		{AB2A0AB3-8B65-416B-8244-B8FE33C10425}.Debug|Any CPU.Build.0 = Debug|Any CPU
		{AB2A0AB3-8B65-416B-8244-B8FE33C10425}.Release|Any CPU.ActiveCfg = Release|Any CPU
		{AB2A0AB3-8B65-416B-8244-B8FE33C10425}.Release|Any CPU.Build.0 = Release|Any CPU
		{F86738AB-22BA-44AC-982F-2ABADDC63BB2}.Debug|Any CPU.ActiveCfg = Debug|Any CPU
		{F86738AB-22BA-44AC-982F-2ABADDC63BB2}.Debug|Any CPU.Build.0 = Debug|Any CPU
		{F86738AB-22BA-44AC-982F-2ABADDC63BB2}.Debug|Any CPU.Deploy.0 = Debug|Any CPU
		{F86738AB-22BA-44AC-982F-2ABADDC63BB2}.Release|Any CPU.ActiveCfg = Release|Any CPU
		{F86738AB-22BA-44AC-982F-2ABADDC63BB2}.Release|Any CPU.Build.0 = Release|Any CPU
		{F86738AB-22BA-44AC-982F-2ABADDC63BB2}.Release|Any CPU.Deploy.0 = Release|Any CPU
		{5D0ED494-2026-4B06-AEE1-A352C88C059E}.Debug|Any CPU.ActiveCfg = Debug|Any CPU
		{5D0ED494-2026-4B06-AEE1-A352C88C059E}.Debug|Any CPU.Build.0 = Debug|Any CPU
		{5D0ED494-2026-4B06-AEE1-A352C88C059E}.Debug|Any CPU.Deploy.0 = Debug|Any CPU
		{5D0ED494-2026-4B06-AEE1-A352C88C059E}.Release|Any CPU.ActiveCfg = Release|Any CPU
		{5D0ED494-2026-4B06-AEE1-A352C88C059E}.Release|Any CPU.Build.0 = Release|Any CPU
		{5D0ED494-2026-4B06-AEE1-A352C88C059E}.Release|Any CPU.Deploy.0 = Release|Any CPU
		{4AB598B7-73E5-44D7-9833-C072245285FA}.Debug|Any CPU.ActiveCfg = Debug|Any CPU
		{4AB598B7-73E5-44D7-9833-C072245285FA}.Debug|Any CPU.Build.0 = Debug|Any CPU
		{4AB598B7-73E5-44D7-9833-C072245285FA}.Debug|Any CPU.Deploy.0 = Debug|Any CPU
		{4AB598B7-73E5-44D7-9833-C072245285FA}.Release|Any CPU.ActiveCfg = Release|Any CPU
		{4AB598B7-73E5-44D7-9833-C072245285FA}.Release|Any CPU.Build.0 = Release|Any CPU
		{4AB598B7-73E5-44D7-9833-C072245285FA}.Release|Any CPU.Deploy.0 = Release|Any CPU
		{AB3BFEE8-7CE6-4DDF-80D5-9C4FF091B7EC}.Debug|Any CPU.ActiveCfg = Debug|x64
		{AB3BFEE8-7CE6-4DDF-80D5-9C4FF091B7EC}.Debug|Any CPU.Build.0 = Debug|x64
		{AB3BFEE8-7CE6-4DDF-80D5-9C4FF091B7EC}.Release|Any CPU.ActiveCfg = Release|x64
		{AB3BFEE8-7CE6-4DDF-80D5-9C4FF091B7EC}.Release|Any CPU.Build.0 = Release|x64
	EndGlobalSection
	GlobalSection(SolutionProperties) = preSolution
		HideSolutionNode = FALSE
	EndGlobalSection
EndGlobal
