
Microsoft Visual Studio Solution File, Format Version 12.00
# Visual Studio Version 17
VisualStudioVersion = 17.12.35527.113
MinimumVisualStudioVersion = 10.0.40219.1
Project("{FAE04EC0-301F-11D3-BF4B-00C04F79EFBC}") = "MinhasFinancas.Mobile", "src\MinhasFinancas.Mobile\MinhasFinancas.Mobile.csproj", "{AB2A0AB3-8B65-416B-8244-B8FE33C10425}"
EndProject
Project("{FAE04EC0-301F-11D3-BF4B-00C04F79EFBC}") = "MinhasFinancas.Mobile.Droid", "src\MinhasFinancas.Mobile.Droid\MinhasFinancas.Mobile.Droid.csproj", "{F86738AB-22BA-44AC-982F-2ABADDC63BB2}"
EndProject
Project("{FAE04EC0-301F-11D3-BF4B-00C04F79EFBC}") = "MinhasFinancas.Mobile.iOS", "src\MinhasFinancas.Mobile.iOS\MinhasFinancas.Mobile.iOS.csproj", "{5D0ED494-2026-4B06-AEE1-A352C88C059E}"
EndProject
Project("{FAE04EC0-301F-11D3-BF4B-00C04F79EFBC}") = "MinhasFinancas.Mobile.Mac", "src\MinhasFinancas.Mobile.Mac\MinhasFinancas.Mobile.Mac.csproj", "{4AB598B7-73E5-44D7-9833-C072245285FA}"
EndProject
Project("{FAE04EC0-301F-11D3-BF4B-00C04F79EFBC}") = "MinhasFinancas.Mobile.WinUI", "src\MinhasFinancas.Mobile.WinUI\MinhasFinancas.Mobile.WinUI.csproj", "{AB3BFEE8-7CE6-4DDF-80D5-9C4FF091B7EC}"
EndProject
Project("{FAE04EC0-301F-11D3-BF4B-00C04F79EFBC}") = "MinhasFinancas.Desktop", "src\MinhasFinancas.Desktop\MinhasFinancas.Desktop.csproj", "{38103F8D-7FBC-44C4-8CCA-F6A2905B4B0B}"
EndProject
Project("{2150E333-8FDC-42A3-9474-1A3956D46DE8}") = "1 - Presentation", "1 - Presentation", "{229E42B2-B800-4AAC-8095-C59121BDD215}"
EndProject
Project("{2150E333-8FDC-42A3-9474-1A3956D46DE8}") = "0 - Specification", "0 - Specification", "{A3763929-CBDE-4480-8CC1-9109CE765CDE}"
EndProject
Project("{2150E333-8FDC-42A3-9474-1A3956D46DE8}") = "2 - Infrastructure", "2 - Infrastructure", "{9F5AB6FD-E39A-4533-9723-DFDBA2BF5530}"
EndProject
Project("{2150E333-8FDC-42A3-9474-1A3956D46DE8}") = "3 - Core", "3 - Core", "{9D8C14D0-C679-433B-A559-5C1ADD8C74DA}"
EndProject
Project("{2150E333-8FDC-42A3-9474-1A3956D46DE8}") = "4 - Cross-Cutting", "4 - Cross-Cutting", "{C6C9FD9A-E765-43DF-B9BF-AC768D6C5D6B}"
EndProject
Project("{FAE04EC0-301F-11D3-BF4B-00C04F79EFBC}") = "MinhasFinancas.ApplicationModel", "src\MinhasFinancas.ApplicationModel\MinhasFinancas.ApplicationModel.csproj", "{A6A625D2-683D-4E4A-9AF3-5C172CA6666F}"
EndProject
Project("{FAE04EC0-301F-11D3-BF4B-00C04F79EFBC}") = "MinhasFinancas.ApplicationModel.Default", "src\MinhasFinancas.ApplicationModel.Default\MinhasFinancas.ApplicationModel.Default.csproj", "{22BFF6AA-1A06-4A07-811A-1C6E2090113C}"
EndProject
Project("{FAE04EC0-301F-11D3-BF4B-00C04F79EFBC}") = "MinhasFinancas.Specs", "spec\MinhasFinancas.Specs\MinhasFinancas.Specs.csproj", "{B39A75E1-E531-40EC-A386-6E18E9424F26}"
EndProject
Project("{FAE04EC0-301F-11D3-BF4B-00C04F79EFBC}") = "System.Extensions", "pkg\System.Extensions\System.Extensions.csproj", "{31B852A7-8CD0-4A27-9B6F-6E700CBEFFA8}"
EndProject
Project("{FAE04EC0-301F-11D3-BF4B-00C04F79EFBC}") = "MinhasFinancas.EntityFrameworkCore.Sqlite", "src\MinhasFinancas.EntityFrameworkCore.Sqlite\MinhasFinancas.EntityFrameworkCore.Sqlite.csproj", "{71A3A66F-ED64-41DD-8292-D44B420E6F04}"
EndProject
Project("{FAE04EC0-301F-11D3-BF4B-00C04F79EFBC}") = "System.Xaml.Extensions", "pkg\System.Xaml.Extensions\System.Xaml.Extensions.csproj", "{02255651-1DC6-441D-AB89-15074E16F10D}"
EndProject
Global
	GlobalSection(SolutionConfigurationPlatforms) = preSolution
		Debug|Any CPU = Debug|Any CPU
		Release|Any CPU = Release|Any CPU
	EndGlobalSection
	GlobalSection(ProjectConfigurationPlatforms) = postSolution
		{AB2A0AB3-8B65-416B-8244-B8FE33C10425}.Debug|Any CPU.ActiveCfg = Debug|Any CPU
		{AB2A0AB3-8B65-416B-8244-B8FE33C10425}.Debug|Any CPU.Build.0 = Debug|Any CPU
		{AB2A0AB3-8B65-416B-8244-B8FE33C10425}.Release|Any CPU.ActiveCfg = Release|Any CPU
		{AB2A0AB3-8B65-416B-8244-B8FE33C10425}.Release|Any CPU.Build.0 = Release|Any CPU
		{F86738AB-22BA-44AC-982F-2ABADDC63BB2}.Debug|Any CPU.ActiveCfg = Debug|Any CPU
		{F86738AB-22BA-44AC-982F-2ABADDC63BB2}.Debug|Any CPU.Build.0 = Debug|Any CPU
		{F86738AB-22BA-44AC-982F-2ABADDC63BB2}.Debug|Any CPU.Deploy.0 = Debug|Any CPU
		{F86738AB-22BA-44AC-982F-2ABADDC63BB2}.Release|Any CPU.ActiveCfg = Release|Any CPU
		{F86738AB-22BA-44AC-982F-2ABADDC63BB2}.Release|Any CPU.Build.0 = Release|Any CPU
		{F86738AB-22BA-44AC-982F-2ABADDC63BB2}.Release|Any CPU.Deploy.0 = Release|Any CPU
		{5D0ED494-2026-4B06-AEE1-A352C88C059E}.Debug|Any CPU.ActiveCfg = Debug|Any CPU
		{5D0ED494-2026-4B06-AEE1-A352C88C059E}.Debug|Any CPU.Build.0 = Debug|Any CPU
		{5D0ED494-2026-4B06-AEE1-A352C88C059E}.Debug|Any CPU.Deploy.0 = Debug|Any CPU
		{5D0ED494-2026-4B06-AEE1-A352C88C059E}.Release|Any CPU.ActiveCfg = Release|Any CPU
		{5D0ED494-2026-4B06-AEE1-A352C88C059E}.Release|Any CPU.Build.0 = Release|Any CPU
		{5D0ED494-2026-4B06-AEE1-A352C88C059E}.Release|Any CPU.Deploy.0 = Release|Any CPU
		{4AB598B7-73E5-44D7-9833-C072245285FA}.Debug|Any CPU.ActiveCfg = Debug|Any CPU
		{4AB598B7-73E5-44D7-9833-C072245285FA}.Debug|Any CPU.Build.0 = Debug|Any CPU
		{4AB598B7-73E5-44D7-9833-C072245285FA}.Debug|Any CPU.Deploy.0 = Debug|Any CPU
		{4AB598B7-73E5-44D7-9833-C072245285FA}.Release|Any CPU.ActiveCfg = Release|Any CPU
		{4AB598B7-73E5-44D7-9833-C072245285FA}.Release|Any CPU.Build.0 = Release|Any CPU
		{4AB598B7-73E5-44D7-9833-C072245285FA}.Release|Any CPU.Deploy.0 = Release|Any CPU
		{AB3BFEE8-7CE6-4DDF-80D5-9C4FF091B7EC}.Debug|Any CPU.ActiveCfg = Debug|x64
		{AB3BFEE8-7CE6-4DDF-80D5-9C4FF091B7EC}.Debug|Any CPU.Build.0 = Debug|x64
		{AB3BFEE8-7CE6-4DDF-80D5-9C4FF091B7EC}.Release|Any CPU.ActiveCfg = Release|x64
		{AB3BFEE8-7CE6-4DDF-80D5-9C4FF091B7EC}.Release|Any CPU.Build.0 = Release|x64
		{38103F8D-7FBC-44C4-8CCA-F6A2905B4B0B}.Debug|Any CPU.ActiveCfg = Debug|Any CPU
		{38103F8D-7FBC-44C4-8CCA-F6A2905B4B0B}.Debug|Any CPU.Build.0 = Debug|Any CPU
		{38103F8D-7FBC-44C4-8CCA-F6A2905B4B0B}.Release|Any CPU.ActiveCfg = Release|Any CPU
		{38103F8D-7FBC-44C4-8CCA-F6A2905B4B0B}.Release|Any CPU.Build.0 = Release|Any CPU
		{A6A625D2-683D-4E4A-9AF3-5C172CA6666F}.Debug|Any CPU.ActiveCfg = Debug|Any CPU
		{A6A625D2-683D-4E4A-9AF3-5C172CA6666F}.Debug|Any CPU.Build.0 = Debug|Any CPU
		{A6A625D2-683D-4E4A-9AF3-5C172CA6666F}.Release|Any CPU.ActiveCfg = Release|Any CPU
		{A6A625D2-683D-4E4A-9AF3-5C172CA6666F}.Release|Any CPU.Build.0 = Release|Any CPU
		{22BFF6AA-1A06-4A07-811A-1C6E2090113C}.Debug|Any CPU.ActiveCfg = Debug|Any CPU
		{22BFF6AA-1A06-4A07-811A-1C6E2090113C}.Debug|Any CPU.Build.0 = Debug|Any CPU
		{22BFF6AA-1A06-4A07-811A-1C6E2090113C}.Release|Any CPU.ActiveCfg = Release|Any CPU
		{22BFF6AA-1A06-4A07-811A-1C6E2090113C}.Release|Any CPU.Build.0 = Release|Any CPU
		{B39A75E1-E531-40EC-A386-6E18E9424F26}.Debug|Any CPU.ActiveCfg = Debug|Any CPU
		{B39A75E1-E531-40EC-A386-6E18E9424F26}.Debug|Any CPU.Build.0 = Debug|Any CPU
		{B39A75E1-E531-40EC-A386-6E18E9424F26}.Release|Any CPU.ActiveCfg = Release|Any CPU
		{B39A75E1-E531-40EC-A386-6E18E9424F26}.Release|Any CPU.Build.0 = Release|Any CPU
		{31B852A7-8CD0-4A27-9B6F-6E700CBEFFA8}.Debug|Any CPU.ActiveCfg = Debug|Any CPU
		{31B852A7-8CD0-4A27-9B6F-6E700CBEFFA8}.Debug|Any CPU.Build.0 = Debug|Any CPU
		{31B852A7-8CD0-4A27-9B6F-6E700CBEFFA8}.Release|Any CPU.ActiveCfg = Release|Any CPU
		{31B852A7-8CD0-4A27-9B6F-6E700CBEFFA8}.Release|Any CPU.Build.0 = Release|Any CPU
		{71A3A66F-ED64-41DD-8292-D44B420E6F04}.Debug|Any CPU.ActiveCfg = Debug|Any CPU
		{71A3A66F-ED64-41DD-8292-D44B420E6F04}.Debug|Any CPU.Build.0 = Debug|Any CPU
		{71A3A66F-ED64-41DD-8292-D44B420E6F04}.Release|Any CPU.ActiveCfg = Release|Any CPU
		{71A3A66F-ED64-41DD-8292-D44B420E6F04}.Release|Any CPU.Build.0 = Release|Any CPU
		{02255651-1DC6-441D-AB89-15074E16F10D}.Debug|Any CPU.ActiveCfg = Debug|Any CPU
		{02255651-1DC6-441D-AB89-15074E16F10D}.Debug|Any CPU.Build.0 = Debug|Any CPU
		{02255651-1DC6-441D-AB89-15074E16F10D}.Release|Any CPU.ActiveCfg = Release|Any CPU
		{02255651-1DC6-441D-AB89-15074E16F10D}.Release|Any CPU.Build.0 = Release|Any CPU
	EndGlobalSection
	GlobalSection(SolutionProperties) = preSolution
		HideSolutionNode = FALSE
	EndGlobalSection
	GlobalSection(NestedProjects) = preSolution
		{AB2A0AB3-8B65-416B-8244-B8FE33C10425} = {229E42B2-B800-4AAC-8095-C59121BDD215}
		{F86738AB-22BA-44AC-982F-2ABADDC63BB2} = {229E42B2-B800-4AAC-8095-C59121BDD215}
		{5D0ED494-2026-4B06-AEE1-A352C88C059E} = {229E42B2-B800-4AAC-8095-C59121BDD215}
		{4AB598B7-73E5-44D7-9833-C072245285FA} = {229E42B2-B800-4AAC-8095-C59121BDD215}
		{AB3BFEE8-7CE6-4DDF-80D5-9C4FF091B7EC} = {229E42B2-B800-4AAC-8095-C59121BDD215}
		{38103F8D-7FBC-44C4-8CCA-F6A2905B4B0B} = {229E42B2-B800-4AAC-8095-C59121BDD215}
		{A6A625D2-683D-4E4A-9AF3-5C172CA6666F} = {9D8C14D0-C679-433B-A559-5C1ADD8C74DA}
		{22BFF6AA-1A06-4A07-811A-1C6E2090113C} = {9D8C14D0-C679-433B-A559-5C1ADD8C74DA}
		{B39A75E1-E531-40EC-A386-6E18E9424F26} = {A3763929-CBDE-4480-8CC1-9109CE765CDE}
		{31B852A7-8CD0-4A27-9B6F-6E700CBEFFA8} = {C6C9FD9A-E765-43DF-B9BF-AC768D6C5D6B}
		{71A3A66F-ED64-41DD-8292-D44B420E6F04} = {9F5AB6FD-E39A-4533-9723-DFDBA2BF5530}
		{02255651-1DC6-441D-AB89-15074E16F10D} = {C6C9FD9A-E765-43DF-B9BF-AC768D6C5D6B}
	EndGlobalSection
EndGlobal
